
Microsoft Visual Studio Solution File, Format Version 12.00
# Visual Studio Version 17
VisualStudioVersion = 17.14.36623.8 d17.14
MinimumVisualStudioVersion = 10.0.40219.1
Project("{FAE04EC0-301F-11D3-BF4B-00C04F79EFBC}") = "chess-proof-of-concept", "chess-proof-of-concept\chess-proof-of-concept.csproj", "{CE389298-EDD6-4669-9D77-251401A7D5B4}"
EndProject
Global
	GlobalSection(SolutionConfigurationPlatforms) = preSolution
		Debug|Any CPU = Debug|Any CPU
		Release|Any CPU = Release|Any CPU
	EndGlobalSection
	GlobalSection(ProjectConfigurationPlatforms) = postSolution
		{CE389298-EDD6-4669-9D77-251401A7D5B4}.Debug|Any CPU.ActiveCfg = Debug|Any CPU
		{CE389298-EDD6-4669-9D77-251401A7D5B4}.Debug|Any CPU.Build.0 = Debug|Any CPU
		{CE389298-EDD6-4669-9D77-251401A7D5B4}.Release|Any CPU.ActiveCfg = Release|Any CPU
		{CE389298-EDD6-4669-9D77-251401A7D5B4}.Release|Any CPU.Build.0 = Release|Any CPU
	EndGlobalSection
	GlobalSection(SolutionProperties) = preSolution
		HideSolutionNode = FALSE
	EndGlobalSection
	GlobalSection(ExtensibilityGlobals) = postSolution
		SolutionGuid = {0B2F3E20-3C25-43F0-87CF-BBDE2909B9B3}
	EndGlobalSection
EndGlobal
